
Microsoft Visual Studio Solution File, Format Version 12.00
# Visual Studio Version 17
VisualStudioVersion = 17.7.34003.232
MinimumVisualStudioVersion = 10.0.40219.1
Project("{FAE04EC0-301F-11D3-BF4B-00C04F79EFBC}") = "Service Bus", "Service Bus.csproj", "{BDDE9D10-773E-4CBF-AD93-6DB1BF59201A}"
EndProject
Global
	GlobalSection(SolutionConfigurationPlatforms) = preSolution
		Debug|Any CPU = Debug|Any CPU
		Release|Any CPU = Release|Any CPU
	EndGlobalSection
	GlobalSection(ProjectConfigurationPlatforms) = postSolution
		{BDDE9D10-773E-4CBF-AD93-6DB1BF59201A}.Debug|Any CPU.ActiveCfg = Debug|Any CPU
		{BDDE9D10-773E-4CBF-AD93-6DB1BF59201A}.Debug|Any CPU.Build.0 = Debug|Any CPU
		{BDDE9D10-773E-4CBF-AD93-6DB1BF59201A}.Release|Any CPU.ActiveCfg = Release|Any CPU
		{BDDE9D10-773E-4CBF-AD93-6DB1BF59201A}.Release|Any CPU.Build.0 = Release|Any CPU
	EndGlobalSection
	GlobalSection(SolutionProperties) = preSolution
		HideSolutionNode = FALSE
	EndGlobalSection
	GlobalSection(ExtensibilityGlobals) = postSolution
		SolutionGuid = {2D8E9A04-F172-4BC8-B09F-5190F99AD39E}
	EndGlobalSection
EndGlobal
